NeoBundleLock neobundle.vim 1306c131ff0a6cc094b7ff0727350e442b5427f1
NeoBundleLock nerdtree fc85a6f07c2cd694be93496ffad75be126240068
NeoBundleLock slimv.vim 61ce81ff6b1a05314a6d750a32a1c7379f35a5dc
NeoBundleLock supertab f0093ae12a9115498f887199809a6114659fc858
NeoBundleLock vim-gotham 9e42c1072f044f1c1c43dbf5b5e957437d946d7e
